
Microsoft Visual Studio Solution File, Format Version 12.00
# Visual Studio Version 17
VisualStudioVersion = 17.8.34205.153
MinimumVisualStudioVersion = 10.0.40219.1
Project("{FAE04EC0-301F-11D3-BF4B-00C04F79EFBC}") = "TrainningEcommerce.Server", "TrainningEcommerce.Server\TrainningEcommerce.Server.csproj", "{EA214654-A759-4BC2-8DF4-1E2C4BB61F3B}"
EndProject
Project("{54A90642-561A-4BB1-A94E-469ADEE60C69}") = "trainningecommerce.client", "trainningecommerce.client\trainningecommerce.client.esproj", "{FB21761A-2E53-4E31-B334-247FAA32AE16}"
EndProject
Global
	GlobalSection(SolutionConfigurationPlatforms) = preSolution
		Debug|Any CPU = Debug|Any CPU
		Release|Any CPU = Release|Any CPU
	EndGlobalSection
	GlobalSection(ProjectConfigurationPlatforms) = postSolution
		{EA214654-A759-4BC2-8DF4-1E2C4BB61F3B}.Debug|Any CPU.ActiveCfg = Debug|Any CPU
		{EA214654-A759-4BC2-8DF4-1E2C4BB61F3B}.Debug|Any CPU.Build.0 = Debug|Any CPU
		{EA214654-A759-4BC2-8DF4-1E2C4BB61F3B}.Release|Any CPU.ActiveCfg = Release|Any CPU
		{EA214654-A759-4BC2-8DF4-1E2C4BB61F3B}.Release|Any CPU.Build.0 = Release|Any CPU
		{FB21761A-2E53-4E31-B334-247FAA32AE16}.Debug|Any CPU.ActiveCfg = Debug|Any CPU
		{FB21761A-2E53-4E31-B334-247FAA32AE16}.Debug|Any CPU.Build.0 = Debug|Any CPU
		{FB21761A-2E53-4E31-B334-247FAA32AE16}.Debug|Any CPU.Deploy.0 = Debug|Any CPU
		{FB21761A-2E53-4E31-B334-247FAA32AE16}.Release|Any CPU.ActiveCfg = Release|Any CPU
		{FB21761A-2E53-4E31-B334-247FAA32AE16}.Release|Any CPU.Build.0 = Release|Any CPU
		{FB21761A-2E53-4E31-B334-247FAA32AE16}.Release|Any CPU.Deploy.0 = Release|Any CPU
	EndGlobalSection
	GlobalSection(SolutionProperties) = preSolution
		HideSolutionNode = FALSE
	EndGlobalSection
	GlobalSection(ExtensibilityGlobals) = postSolution
		SolutionGuid = {477EA305-A842-48F5-9244-0DED9C8CDF7F}
	EndGlobalSection
EndGlobal
